
Microsoft Visual Studio Solution File, Format Version 12.00
# Visual Studio Version 17
VisualStudioVersion = 17.9.34616.47
MinimumVisualStudioVersion = 10.0.40219.1
Project("{2150E333-8FDC-42A3-9474-1A3956D46DE8}") = "src", "src", "{09DC8206-3F7C-417B-985C-C8136F1A7748}"
EndProject
Project("{2150E333-8FDC-42A3-9474-1A3956D46DE8}") = "tests", "tests", "{0F4AAC23-ADA9-43C6-B885-2C61859FED1C}"
EndProject
Project("{FAE04EC0-301F-11D3-BF4B-00C04F79EFBC}") = "Quiz.API", "src\Quiz.API\Quiz.API.csproj", "{E11E8EBE-847B-4436-8495-655039003D41}"
EndProject
Project("{FAE04EC0-301F-11D3-BF4B-00C04F79EFBC}") = "Quiz.Core", "src\Quiz.Core\Quiz.Core.csproj", "{275BFB63-C606-4496-B2C1-79D246C8C2B5}"
EndProject
Project("{FAE04EC0-301F-11D3-BF4B-00C04F79EFBC}") = "Quiz.Business", "src\Quiz.Business\Quiz.Business.csproj", "{E985858F-786B-441F-9146-65D8D7711BFC}"
EndProject
Project("{FAE04EC0-301F-11D3-BF4B-00C04F79EFBC}") = "Quiz.Data", "src\Quiz.Data\Quiz.Data.csproj", "{27117C38-C7F2-4CE8-B780-0AFB07AA6ADB}"
EndProject
Global
	GlobalSection(SolutionConfigurationPlatforms) = preSolution
		Debug|Any CPU = Debug|Any CPU
		Release|Any CPU = Release|Any CPU
	EndGlobalSection
	GlobalSection(ProjectConfigurationPlatforms) = postSolution
		{E11E8EBE-847B-4436-8495-655039003D41}.Debug|Any CPU.ActiveCfg = Debug|Any CPU
		{E11E8EBE-847B-4436-8495-655039003D41}.Debug|Any CPU.Build.0 = Debug|Any CPU
		{E11E8EBE-847B-4436-8495-655039003D41}.Release|Any CPU.ActiveCfg = Release|Any CPU
		{E11E8EBE-847B-4436-8495-655039003D41}.Release|Any CPU.Build.0 = Release|Any CPU
		{275BFB63-C606-4496-B2C1-79D246C8C2B5}.Debug|Any CPU.ActiveCfg = Debug|Any CPU
		{275BFB63-C606-4496-B2C1-79D246C8C2B5}.Debug|Any CPU.Build.0 = Debug|Any CPU
		{275BFB63-C606-4496-B2C1-79D246C8C2B5}.Release|Any CPU.ActiveCfg = Release|Any CPU
		{275BFB63-C606-4496-B2C1-79D246C8C2B5}.Release|Any CPU.Build.0 = Release|Any CPU
		{E985858F-786B-441F-9146-65D8D7711BFC}.Debug|Any CPU.ActiveCfg = Debug|Any CPU
		{E985858F-786B-441F-9146-65D8D7711BFC}.Debug|Any CPU.Build.0 = Debug|Any CPU
		{E985858F-786B-441F-9146-65D8D7711BFC}.Release|Any CPU.ActiveCfg = Release|Any CPU
		{E985858F-786B-441F-9146-65D8D7711BFC}.Release|Any CPU.Build.0 = Release|Any CPU
		{27117C38-C7F2-4CE8-B780-0AFB07AA6ADB}.Debug|Any CPU.ActiveCfg = Debug|Any CPU
		{27117C38-C7F2-4CE8-B780-0AFB07AA6ADB}.Debug|Any CPU.Build.0 = Debug|Any CPU
		{27117C38-C7F2-4CE8-B780-0AFB07AA6ADB}.Release|Any CPU.ActiveCfg = Release|Any CPU
		{27117C38-C7F2-4CE8-B780-0AFB07AA6ADB}.Release|Any CPU.Build.0 = Release|Any CPU
	EndGlobalSection
	GlobalSection(SolutionProperties) = preSolution
		HideSolutionNode = FALSE
	EndGlobalSection
	GlobalSection(NestedProjects) = preSolution
		{E11E8EBE-847B-4436-8495-655039003D41} = {09DC8206-3F7C-417B-985C-C8136F1A7748}
		{275BFB63-C606-4496-B2C1-79D246C8C2B5} = {09DC8206-3F7C-417B-985C-C8136F1A7748}
		{E985858F-786B-441F-9146-65D8D7711BFC} = {09DC8206-3F7C-417B-985C-C8136F1A7748}
		{27117C38-C7F2-4CE8-B780-0AFB07AA6ADB} = {09DC8206-3F7C-417B-985C-C8136F1A7748}
	EndGlobalSection
	GlobalSection(ExtensibilityGlobals) = postSolution
		SolutionGuid = {030595EB-FFF3-435E-B33D-55E748AE3C44}
	EndGlobalSection
EndGlobal
